<Solution>
  <Configurations>
    <Platform Name="x64" />
    <Platform Name="x86" />
  </Configurations>
  <Project Path="Array/Array.vcxproj" Id="0c08a29d-60df-4162-babd-2fdfde27a002" />
  <Project Path="CompilerTest/CompilerTest.vcxproj" Id="3b03691f-961c-44df-ae13-41a5f673c84c" />
  <Project Path="InlineFunction/InlineFunction.vcxproj" Id="98800479-e3f5-48f6-8867-5c9c444f9a7c" />
  <Project Path="Pointer/Pointer.vcxproj" Id="c14404f6-4384-4d1b-8abf-2579e7c6470b" />
  <Project Path="Reference/Reference.vcxproj" Id="2fa62d1c-19a9-46f7-9aa1-d26755c8483a" />
  <Project Path="String/String.vcxproj" Id="48732bdf-47db-4270-94de-bac650749cf7" />
</Solution>
