<Solution>
  <Configurations>
    <Platform Name="x64" />
    <Platform Name="x86" />
  </Configurations>
  <Project Path="CompilerTest/CompilerTest.vcxproj" Id="3b03691f-961c-44df-ae13-41a5f673c84c" />
  <Project Path="InlineFunction/InlineFunction.vcxproj" Id="98800479-e3f5-48f6-8867-5c9c444f9a7c" />
</Solution>
